
Microsoft Visual Studio Solution File, Format Version 12.00
# Visual Studio Version 16
VisualStudioVersion = 16.0.30523.141
MinimumVisualStudioVersion = 10.0.40219.1
Project("{FAE04EC0-301F-11D3-BF4B-00C04F79EFBC}") = "HelloJM", "HelloJM\HelloJM.csproj", "{BF815D4A-59D7-4694-9841-7E250DA1EBD3}"
EndProject
Global
	GlobalSection(SolutionConfigurationPlatforms) = preSolution
		Debug|Any CPU = Debug|Any CPU
		Release|Any CPU = Release|Any CPU
	EndGlobalSection
	GlobalSection(ProjectConfigurationPlatforms) = postSolution
		{BF815D4A-59D7-4694-9841-7E250DA1EBD3}.Debug|Any CPU.ActiveCfg = Debug|Any CPU
		{BF815D4A-59D7-4694-9841-7E250DA1EBD3}.Debug|Any CPU.Build.0 = Debug|Any CPU
		{BF815D4A-59D7-4694-9841-7E250DA1EBD3}.Release|Any CPU.ActiveCfg = Release|Any CPU
		{BF815D4A-59D7-4694-9841-7E250DA1EBD3}.Release|Any CPU.Build.0 = Release|Any CPU
	EndGlobalSection
	GlobalSection(SolutionProperties) = preSolution
		HideSolutionNode = FALSE
	EndGlobalSection
	GlobalSection(ExtensibilityGlobals) = postSolution
		SolutionGuid = {C6B1DB4D-12E8-4B25-BF99-FA110F82C299}
	EndGlobalSection
EndGlobal
